// !$*UTF8*$!
{
	archiveVersion = 1;
	classes = {
	};
	objectVersion = 56;
	objects = {

/* Begin PBXBuildFile section */
		2E07246E28ED3F2400C2320B /* CustomPopupApp.swift in Sources */ = {isa = PBXBuildFile; fileRef = 2E07246D28ED3F2400C2320B /* CustomPopupApp.swift */; };
		2E07247028ED3F2400C2320B /* ContentView.swift in Sources */ = {isa = PBXBuildFile; fileRef = 2E07246F28ED3F2400C2320B /* ContentView.swift */; };
		2E07247228ED3F2600C2320B /* Assets.xcassets in Resources */ = {isa = PBXBuildFile; fileRef = 2E07247128ED3F2600C2320B /* Assets.xcassets */; };
		2E07247528ED3F2600C2320B /* Preview Assets.xcassets in Resources */ = {isa = PBXBuildFile; fileRef = 2E07247428ED3F2600C2320B /* Preview Assets.xcassets */; };
		2E07247C28ED3F4A00C2320B /* OverlayModifier.swift in Sources */ = {isa = PBXBuildFile; fileRef = 2E07247B28ED3F4A00C2320B /* OverlayModifier.swift */; };
		2E07247E28ED40F500C2320B /* View+Extensions.swift in Sources */ = {isa = PBXBuildFile; fileRef = 2E07247D28ED40F500C2320B /* View+Extensions.swift */; };
		2E07248028ED48B600C2320B /* BottomPopupView.swift in Sources */ = {isa = PBXBuildFile; fileRef = 2E07247F28ED48B600C2320B /* BottomPopupView.swift */; };
		2E07248228ED496700C2320B /* NamePopupView.swift in Sources */ = {isa = PBXBuildFile; fileRef = 2E07248128ED496700C2320B /* NamePopupView.swift */; };
/* End PBXBuildFile section */

/* Begin PBXFileReference section */
		2E07246A28ED3F2400C2320B /* CustomPopup.app */ = {isa = PBXFileReference; explicitFileType = wrapper.application; includeInIndex = 0; path = CustomPopup.app; sourceTree = BUILT_PRODUCTS_DIR; };
		2E07246D28ED3F2400C2320B /* CustomPopupApp.swift */ = {isa = PBXFileReference; lastKnownFileType = sourcecode.swift; path = CustomPopupApp.swift; sourceTree = "<group>"; };
		2E07246F28ED3F2400C2320B /* ContentView.swift */ = {isa = PBXFileReference; lastKnownFileType = sourcecode.swift; path = ContentView.swift; sourceTree = "<group>"; };
		2E07247128ED3F2600C2320B /* Assets.xcassets */ = {isa = PBXFileReference; lastKnownFileType = folder.assetcatalog; path = Assets.xcassets; sourceTree = "<group>"; };
		2E07247428ED3F2600C2320B /* Preview Assets.xcassets */ = {isa = PBXFileReference; lastKnownFileType = folder.assetcatalog; path = "Preview Assets.xcassets"; sourceTree = "<group>"; };
		2E07247B28ED3F4A00C2320B /* OverlayModifier.swift */ = {isa = PBXFileReference; lastKnownFileType = sourcecode.swift; path = OverlayModifier.swift; sourceTree = "<group>"; };
		2E07247D28ED40F500C2320B /* View+Extensions.swift */ = {isa = PBXFileReference; lastKnownFileType = sourcecode.swift; path = "View+Extensions.swift"; sourceTree = "<group>"; };
		2E07247F28ED48B600C2320B /* BottomPopupView.swift */ = {isa = PBXFileReference; lastKnownFileType = sourcecode.swift; path = BottomPopupView.swift; sourceTree = "<group>"; };
		2E07248128ED496700C2320B /* NamePopupView.swift */ = {isa = PBXFileReference; lastKnownFileType = sourcecode.swift; path = NamePopupView.swift; sourceTree = "<group>"; };
/* End PBXFileReference section */

/* Begin PBXFrameworksBuildPhase section */
		2E07246728ED3F2400C2320B /* Frameworks */ = {
			isa = PBXFrameworksBuildPhase;
			buildActionMask = 2147483647;
			files = (
			);
			runOnlyForDeploymentPostprocessing = 0;
		};
/* End PBXFrameworksBuildPhase section */

/* Begin PBXGroup section */
		2E07246128ED3F2400C2320B = {
			isa = PBXGroup;
			children = (
				2E07246C28ED3F2400C2320B /* CustomPopup */,
				2E07246B28ED3F2400C2320B /* Products */,
			);
			sourceTree = "<group>";
		};
		2E07246B28ED3F2400C2320B /* Products */ = {
			isa = PBXGroup;
			children = (
				2E07246A28ED3F2400C2320B /* CustomPopup.app */,
			);
			name = Products;
			sourceTree = "<group>";
		};
		2E07246C28ED3F2400C2320B /* CustomPopup */ = {
			isa = PBXGroup;
			children = (
				2E07246D28ED3F2400C2320B /* CustomPopupApp.swift */,
				2E07246F28ED3F2400C2320B /* ContentView.swift */,
				2E07247F28ED48B600C2320B /* BottomPopupView.swift */,
				2E07248128ED496700C2320B /* NamePopupView.swift */,
				2E07247B28ED3F4A00C2320B /* OverlayModifier.swift */,
				2E07247D28ED40F500C2320B /* View+Extensions.swift */,
				2E07247128ED3F2600C2320B /* Assets.xcassets */,
				2E07247328ED3F2600C2320B /* Preview Content */,
			);
			path = CustomPopup;
			sourceTree = "<group>";
		};
		2E07247328ED3F2600C2320B /* Preview Content */ = {
			isa = PBXGroup;
			children = (
				2E07247428ED3F2600C2320B /* Preview Assets.xcassets */,
			);
			path = "Preview Content";
			sourceTree = "<group>";
		};
/* End PBXGroup section */

/* Begin PBXNativeTarget section */
		2E07246928ED3F2400C2320B /* CustomPopup */ = {
			isa = PBXNativeTarget;
			buildConfigurationList = 2E07247828ED3F2600C2320B /* Build configuration list for PBXNativeTarget "CustomPopup" */;
			buildPhases = (
				2E07246628ED3F2400C2320B /* Sources */,
				2E07246728ED3F2400C2320B /* Frameworks */,
				2E07246828ED3F2400C2320B /* Resources */,
			);
			buildRules = (
			);
			dependencies = (
			);
			name = CustomPopup;
			productName = CustomPopup;
			productReference = 2E07246A28ED3F2400C2320B /* CustomPopup.app */;
			productType = "com.apple.product-type.application";
		};
/* End PBXNativeTarget section */

/* Begin PBXProject section */
		2E07246228ED3F2400C2320B /* Project object */ = {
			isa = PBXProject;
			attributes = {
				BuildIndependentTargetsInParallel = 1;
				LastSwiftUpdateCheck = 1400;
				LastUpgradeCheck = 1400;
				TargetAttributes = {
					2E07246928ED3F2400C2320B = {
						CreatedOnToolsVersion = 14.0.1;
					};
				};
			};
			buildConfigurationList = 2E07246528ED3F2400C2320B /* Build configuration list for PBXProject "CustomPopup" */;
			compatibilityVersion = "Xcode 14.0";
			developmentRegion = en;
			hasScannedForEncodings = 0;
			knownRegions = (
				en,
				Base,
			);
			mainGroup = 2E07246128ED3F2400C2320B;
			productRefGroup = 2E07246B28ED3F2400C2320B /* Products */;
			projectDirPath = "";
			projectRoot = "";
			targets = (
				2E07246928ED3F2400C2320B /* CustomPopup */,
			);
		};
/* End PBXProject section */

/* Begin PBXResourcesBuildPhase section */
		2E07246828ED3F2400C2320B /* Resources */ = {
			isa = PBXResourcesBuildPhase;
			buildActionMask = 2147483647;
			files = (
				2E07247528ED3F2600C2320B /* Preview Assets.xcassets in Resources */,
				2E07247228ED3F2600C2320B /* Assets.xcassets in Resources */,
			);
			runOnlyForDeploymentPostprocessing = 0;
		};
/* End PBXResourcesBuildPhase section */

/* Begin PBXSourcesBuildPhase section */
		2E07246628ED3F2400C2320B /* Sources */ = {
			isa = PBXSourcesBuildPhase;
			buildActionMask = 2147483647;
			files = (
				2E07248228ED496700C2320B /* NamePopupView.swift in Sources */,
				2E07247C28ED3F4A00C2320B /* OverlayModifier.swift in Sources */,
				2E07247028ED3F2400C2320B /* ContentView.swift in Sources */,
				2E07248028ED48B600C2320B /* BottomPopupView.swift in Sources */,
				2E07247E28ED40F500C2320B /* View+Extensions.swift in Sources */,
				2E07246E28ED3F2400C2320B /* CustomPopupApp.swift in Sources */,
			);
			runOnlyForDeploymentPostprocessing = 0;
		};
/* End PBXSourcesBuildPhase section */

/* Begin XCBuildConfiguration section */
		2E07247628ED3F2600C2320B /* Debug */ = {
			isa = XCBuildConfiguration;
			buildSettings = {
				ALWAYS_SEARCH_USER_PATHS = NO;
				CLANG_ANALYZER_NONNULL = YES;
				CLANG_ANALYZER_NUMBER_OBJECT_CONVERSION = YES_AGGRESSIVE;
				CLANG_CXX_LANGUAGE_STANDARD = "gnu++20";
				CLANG_ENABLE_MODULES = YES;
				CLANG_ENABLE_OBJC_ARC = YES;
				CLANG_ENABLE_OBJC_WEAK = YES;
				CLANG_WARN_BLOCK_CAPTURE_AUTORELEASING = YES;
				CLANG_WARN_BOOL_CONVERSION = YES;
				CLANG_WARN_COMMA = YES;
				CLANG_WARN_CONSTANT_CONVERSION = YES;
				CLANG_WARN_DEPRECATED_OBJC_IMPLEMENTATIONS = YES;
				CLANG_WARN_DIRECT_OBJC_ISA_USAGE = YES_ERROR;
				CLANG_WARN_DOCUMENTATION_COMMENTS = YES;
				CLANG_WARN_EMPTY_BODY = YES;
				CLANG_WARN_ENUM_CONVERSION = YES;
				CLANG_WARN_INFINITE_RECURSION = YES;
				CLANG_WARN_INT_CONVERSION = YES;
				CLANG_WARN_NON_LITERAL_NULL_CONVERSION = YES;
				CLANG_WARN_OBJC_IMPLICIT_RETAIN_SELF = YES;
				CLANG_WARN_OBJC_LITERAL_CONVERSION = YES;
				CLANG_WARN_OBJC_ROOT_CLASS = YES_ERROR;
				CLANG_WARN_QUOTED_INCLUDE_IN_FRAMEWORK_HEADER = YES;
				CLANG_WARN_RANGE_LOOP_ANALYSIS = YES;
				CLANG_WARN_STRICT_PROTOTYPES = YES;
				CLANG_WARN_SUSPICIOUS_MOVE = YES;
				CLANG_WARN_UNGUARDED_AVAILABILITY = YES_AGGRESSIVE;
				CLANG_WARN_UNREACHABLE_CODE = YES;
				CLANG_WARN__DUPLICATE_METHOD_MATCH = YES;
				COPY_PHASE_STRIP = NO;
				DEBUG_INFORMATION_FORMAT = dwarf;
				ENABLE_STRICT_OBJC_MSGSEND = YES;
				ENABLE_TESTABILITY = YES;
				GCC_C_LANGUAGE_STANDARD = gnu11;
				GCC_DYNAMIC_NO_PIC = NO;
				GCC_NO_COMMON_BLOCKS = YES;
				GCC_OPTIMIZATION_LEVEL = 0;
				GCC_PREPROCESSOR_DEFINITIONS = (
					"DEBUG=1",
					"$(inherited)",
				);
				GCC_WARN_64_TO_32_BIT_CONVERSION = YES;
				GCC_WARN_ABOUT_RETURN_TYPE = YES_ERROR;
				GCC_WARN_UNDECLARED_SELECTOR = YES;
				GCC_WARN_UNINITIALIZED_AUTOS = YES_AGGRESSIVE;
				GCC_WARN_UNUSED_FUNCTION = YES;
				GCC_WARN_UNUSED_VARIABLE = YES;
				IPHONEOS_DEPLOYMENT_TARGET = 16.0;
				MTL_ENABLE_DEBUG_INFO = INCLUDE_SOURCE;
				MTL_FAST_MATH = YES;
				ONLY_ACTIVE_ARCH = YES;
				SDKROOT = iphoneos;
				SWIFT_ACTIVE_COMPILATION_CONDITIONS = DEBUG;
				SWIFT_OPTIMIZATION_LEVEL = "-Onone";
			};
			name = Debug;
		};
		2E07247728ED3F2600C2320B /* Release */ = {
			isa = XCBuildConfiguration;
			buildSettings = {
				ALWAYS_SEARCH_USER_PATHS = NO;
				CLANG_ANALYZER_NONNULL = YES;
				CLANG_ANALYZER_NUMBER_OBJECT_CONVERSION = YES_AGGRESSIVE;
				CLANG_CXX_LANGUAGE_STANDARD = "gnu++20";
				CLANG_ENABLE_MODULES = YES;
				CLANG_ENABLE_OBJC_ARC = YES;
				CLANG_ENABLE_OBJC_WEAK = YES;
				CLANG_WARN_BLOCK_CAPTURE_AUTORELEASING = YES;
				CLANG_WARN_BOOL_CONVERSION = YES;
				CLANG_WARN_COMMA = YES;
				CLANG_WARN_CONSTANT_CONVERSION = YES;
				CLANG_WARN_DEPRECATED_OBJC_IMPLEMENTATIONS = YES;
				CLANG_WARN_DIRECT_OBJC_ISA_USAGE = YES_ERROR;
				CLANG_WARN_DOCUMENTATION_COMMENTS = YES;
				CLANG_WARN_EMPTY_BODY = YES;
				CLANG_WARN_ENUM_CONVERSION = YES;
				CLANG_WARN_INFINITE_RECURSION = YES;
				CLANG_WARN_INT_CONVERSION = YES;
				CLANG_WARN_NON_LITERAL_NULL_CONVERSION = YES;
				CLANG_WARN_OBJC_IMPLICIT_RETAIN_SELF = YES;
				CLANG_WARN_OBJC_LITERAL_CONVERSION = YES;
				CLANG_WARN_OBJC_ROOT_CLASS = YES_ERROR;
				CLANG_WARN_QUOTED_INCLUDE_IN_FRAMEWORK_HEADER = YES;
				CLANG_WARN_RANGE_LOOP_ANALYSIS = YES;
				CLANG_WARN_STRICT_PROTOTYPES = YES;
				CLANG_WARN_SUSPICIOUS_MOVE = YES;
				CLANG_WARN_UNGUARDED_AVAILABILITY = YES_AGGRESSIVE;
				CLANG_WARN_UNREACHABLE_CODE = YES;
				CLANG_WARN__DUPLICATE_METHOD_MATCH = YES;
				COPY_PHASE_STRIP = NO;
				DEBUG_INFORMATION_FORMAT = "dwarf-with-dsym";
				ENABLE_NS_ASSERTIONS = NO;
				ENABLE_STRICT_OBJC_MSGSEND = YES;
				GCC_C_LANGUAGE_STANDARD = gnu11;
				GCC_NO_COMMON_BLOCKS = YES;
				GCC_WARN_64_TO_32_BIT_CONVERSION = YES;
				GCC_WARN_ABOUT_RETURN_TYPE = YES_ERROR;
				GCC_WARN_UNDECLARED_SELECTOR = YES;
				GCC_WARN_UNINITIALIZED_AUTOS = YES_AGGRESSIVE;
				GCC_WARN_UNUSED_FUNCTION = YES;
				GCC_WARN_UNUSED_VARIABLE = YES;
				IPHONEOS_DEPLOYMENT_TARGET = 16.0;
				MTL_ENABLE_DEBUG_INFO = NO;
				MTL_FAST_MATH = YES;
				SDKROOT = iphoneos;
				SWIFT_COMPILATION_MODE = wholemodule;
				SWIFT_OPTIMIZATION_LEVEL = "-O";
				VALIDATE_PRODUCT = YES;
			};
			name = Release;
		};
		2E07247928ED3F2600C2320B /* Debug */ = {
			isa = XCBuildConfiguration;
			buildSettings = {
				ASSETCATALOG_COMPILER_APPICON_NAME = AppIcon;
				ASSETCATALOG_COMPILER_GLOBAL_ACCENT_COLOR_NAME = AccentColor;
				CODE_SIGN_STYLE = Automatic;
				CURRENT_PROJECT_VERSION = 1;
				DEVELOPMENT_ASSET_PATHS = "\"CustomPopup/Preview Content\"";
				DEVELOPMENT_TEAM = 6CD3YBT565;
				ENABLE_PREVIEWS = YES;
				GENERATE_INFOPLIST_FILE = YES;
				INFOPLIST_KEY_UIApplicationSceneManifest_Generation = YES;
				INFOPLIST_KEY_UIApplicationSupportsIndirectInputEvents = YES;
				INFOPLIST_KEY_UILaunchScreen_Generation = YES;
				INFOPLIST_KEY_UISupportedInterfaceOrientations_iPad = "UIInterfaceOrientationPortrait UIInterfaceOrientationPortraitUpsideDown UIInterfaceOrientationLandscapeLeft UIInterfaceOrientationLandscapeRight";
				INFOPLIST_KEY_UISupportedInterfaceOrientations_iPhone = "UIInterfaceOrientationPortrait UIInterfaceOrientationLandscapeLeft UIInterfaceOrientationLandscapeRight";
				LD_RUNPATH_SEARCH_PATHS = (
					"$(inherited)",
					"@executable_path/Frameworks",
				);
				MARKETING_VERSION = 1.0;
				PRODUCT_BUNDLE_IDENTIFIER = com.rope.CustomPopup;
				PRODUCT_NAME = "$(TARGET_NAME)";
				SWIFT_EMIT_LOC_STRINGS = YES;
				SWIFT_VERSION = 5.0;
				TARGETED_DEVICE_FAMILY = "1,2";
			};
			name = Debug;
		};
		2E07247A28ED3F2600C2320B /* Release */ = {
			isa = XCBuildConfiguration;
			buildSettings = {
				ASSETCATALOG_COMPILER_APPICON_NAME = AppIcon;
				ASSETCATALOG_COMPILER_GLOBAL_ACCENT_COLOR_NAME = AccentColor;
				CODE_SIGN_STYLE = Automatic;
				CURRENT_PROJECT_VERSION = 1;
				DEVELOPMENT_ASSET_PATHS = "\"CustomPopup/Preview Content\"";
				DEVELOPMENT_TEAM = 6CD3YBT565;
				ENABLE_PREVIEWS = YES;
				GENERATE_INFOPLIST_FILE = YES;
				INFOPLIST_KEY_UIApplicationSceneManifest_Generation = YES;
				INFOPLIST_KEY_UIApplicationSupportsIndirectInputEvents = YES;
				INFOPLIST_KEY_UILaunchScreen_Generation = YES;
				INFOPLIST_KEY_UISupportedInterfaceOrientations_iPad = "UIInterfaceOrientationPortrait UIInterfaceOrientationPortraitUpsideDown UIInterfaceOrientationLandscapeLeft UIInterfaceOrientationLandscapeRight";
				INFOPLIST_KEY_UISupportedInterfaceOrientations_iPhone = "UIInterfaceOrientationPortrait UIInterfaceOrientationLandscapeLeft UIInterfaceOrientationLandscapeRight";
				LD_RUNPATH_SEARCH_PATHS = (
					"$(inherited)",
					"@executable_path/Frameworks",
				);
				MARKETING_VERSION = 1.0;
				PRODUCT_BUNDLE_IDENTIFIER = com.rope.CustomPopup;
				PRODUCT_NAME = "$(TARGET_NAME)";
				SWIFT_EMIT_LOC_STRINGS = YES;
				SWIFT_VERSION = 5.0;
				TARGETED_DEVICE_FAMILY = "1,2";
			};
			name = Release;
		};
/* End XCBuildConfiguration section */

/* Begin XCConfigurationList section */
		2E07246528ED3F2400C2320B /* Build configuration list for PBXProject "CustomPopup" */ = {
			isa = XCConfigurationList;
			buildConfigurations = (
				2E07247628ED3F2600C2320B /* Debug */,
				2E07247728ED3F2600C2320B /* Release */,
			);
			defaultConfigurationIsVisible = 0;
			defaultConfigurationName = Release;
		};
		2E07247828ED3F2600C2320B /* Build configuration list for PBXNativeTarget "CustomPopup" */ = {
			isa = XCConfigurationList;
			buildConfigurations = (
				2E07247928ED3F2600C2320B /* Debug */,
				2E07247A28ED3F2600C2320B /* Release */,
			);
			defaultConfigurationIsVisible = 0;
			defaultConfigurationName = Release;
		};
/* End XCConfigurationList section */
	};
	rootObject = 2E07246228ED3F2400C2320B /* Project object */;
}
